
Microsoft Visual Studio Solution File, Format Version 12.00
# Visual Studio Version 17
VisualStudioVersion = 17.5.002.0
MinimumVisualStudioVersion = 10.0.40219.1
Project("{9A19103F-16F7-4668-BE54-9A1E7A4F7556}") = "080923", "080923.csproj", "{BC805875-FB45-4EC6-B68F-5D68BD93A37E}"
EndProject
Global
	GlobalSection(SolutionConfigurationPlatforms) = preSolution
		Debug|Any CPU = Debug|Any CPU
		Release|Any CPU = Release|Any CPU
	EndGlobalSection
	GlobalSection(ProjectConfigurationPlatforms) = postSolution
		{BC805875-FB45-4EC6-B68F-5D68BD93A37E}.Debug|Any CPU.ActiveCfg = Debug|Any CPU
		{BC805875-FB45-4EC6-B68F-5D68BD93A37E}.Debug|Any CPU.Build.0 = Debug|Any CPU
		{BC805875-FB45-4EC6-B68F-5D68BD93A37E}.Release|Any CPU.ActiveCfg = Release|Any CPU
		{BC805875-FB45-4EC6-B68F-5D68BD93A37E}.Release|Any CPU.Build.0 = Release|Any CPU
	EndGlobalSection
	GlobalSection(SolutionProperties) = preSolution
		HideSolutionNode = FALSE
	EndGlobalSection
	GlobalSection(ExtensibilityGlobals) = postSolution
		SolutionGuid = {4BCD7656-1523-4F50-B011-FF643384ED6A}
	EndGlobalSection
EndGlobal
